
Microsoft Visual Studio Solution File, Format Version 12.00
# Visual Studio Version 17
VisualStudioVersion = 17.5.002.0
MinimumVisualStudioVersion = 10.0.40219.1
Project("{9A19103F-16F7-4668-BE54-9A1E7A4F7556}") = "Donguler_While", "Donguler_While.csproj", "{650CC152-5304-48FC-A73C-A40AD5D0995C}"
EndProject
Global
	GlobalSection(SolutionConfigurationPlatforms) = preSolution
		Debug|Any CPU = Debug|Any CPU
		Release|Any CPU = Release|Any CPU
	EndGlobalSection
	GlobalSection(ProjectConfigurationPlatforms) = postSolution
		{650CC152-5304-48FC-A73C-A40AD5D0995C}.Debug|Any CPU.ActiveCfg = Debug|Any CPU
		{650CC152-5304-48FC-A73C-A40AD5D0995C}.Debug|Any CPU.Build.0 = Debug|Any CPU
		{650CC152-5304-48FC-A73C-A40AD5D0995C}.Release|Any CPU.ActiveCfg = Release|Any CPU
		{650CC152-5304-48FC-A73C-A40AD5D0995C}.Release|Any CPU.Build.0 = Release|Any CPU
	EndGlobalSection
	GlobalSection(SolutionProperties) = preSolution
		HideSolutionNode = FALSE
	EndGlobalSection
	GlobalSection(ExtensibilityGlobals) = postSolution
		SolutionGuid = {E42679ED-08F0-4359-BFE3-8688E662E7EC}
	EndGlobalSection
EndGlobal
